// !$*UTF8*$!
{
	archiveVersion = 1;
	classes = {
	};
	objectVersion = 46;
	objects = {

/* Begin PBXBuildFile section */
		8A9772FF1BD4ED1B00F84172 /* main.m in Sources */ = {isa = PBXBuildFile; fileRef = 8A9772FE1BD4ED1B00F84172 /* main.m */; };
		8A9773021BD4ED1B00F84172 /* AppDelegate.m in Sources */ = {isa = PBXBuildFile; fileRef = 8A9773011BD4ED1B00F84172 /* AppDelegate.m */; };
		8A9773081BD4ED1B00F84172 /* Main.storyboard in Resources */ = {isa = PBXBuildFile; fileRef = 8A9773061BD4ED1B00F84172 /* Main.storyboard */; };
		8A97730A1BD4ED1B00F84172 /* Assets.xcassets in Resources */ = {isa = PBXBuildFile; fileRef = 8A9773091BD4ED1B00F84172 /* Assets.xcassets */; };
		8A97730D1BD4ED1B00F84172 /* LaunchScreen.storyboard in Resources */ = {isa = PBXBuildFile; fileRef = 8A97730B1BD4ED1B00F84172 /* LaunchScreen.storyboard */; };
		8A9773161BD4EF8C00F84172 /* ItemsViewController.m in Sources */ = {isa = PBXBuildFile; fileRef = 8A9773151BD4EF8C00F84172 /* ItemsViewController.m */; settings = {ASSET_TAGS = (); }; };
		8A9773191BD4F2C300F84172 /* BNRItem.m in Sources */ = {isa = PBXBuildFile; fileRef = 8A9773181BD4F2C300F84172 /* BNRItem.m */; settings = {ASSET_TAGS = (); }; };
		8A97731C1BD4F34100F84172 /* BNRItemStore.m in Sources */ = {isa = PBXBuildFile; fileRef = 8A97731B1BD4F34100F84172 /* BNRItemStore.m */; settings = {ASSET_TAGS = (); }; };
		8A97731E1BD5383F00F84172 /* HeaderView.xib in Resources */ = {isa = PBXBuildFile; fileRef = 8A97731D1BD5383F00F84172 /* HeaderView.xib */; settings = {ASSET_TAGS = (); }; };
		8A9773231BD61F9A00F84172 /* DetailViewController.m in Sources */ = {isa = PBXBuildFile; fileRef = 8A9773221BD61F9A00F84172 /* DetailViewController.m */; settings = {ASSET_TAGS = (); }; };
		8A9773251BD61FBF00F84172 /* DetailViewController.xib in Resources */ = {isa = PBXBuildFile; fileRef = 8A9773241BD61FBF00F84172 /* DetailViewController.xib */; settings = {ASSET_TAGS = (); }; };
/* End PBXBuildFile section */

/* Begin PBXFileReference section */
		8A9772FA1BD4ED1B00F84172 /* Homepwner.app */ = {isa = PBXFileReference; explicitFileType = wrapper.application; includeInIndex = 0; path = Homepwner.app; sourceTree = BUILT_PRODUCTS_DIR; };
		8A9772FE1BD4ED1B00F84172 /* main.m */ = {isa = PBXFileReference; lastKnownFileType = sourcecode.c.objc; path = main.m; sourceTree = "<group>"; };
		8A9773001BD4ED1B00F84172 /* AppDelegate.h */ = {isa = PBXFileReference; lastKnownFileType = sourcecode.c.h; path = AppDelegate.h; sourceTree = "<group>"; };
		8A9773011BD4ED1B00F84172 /* AppDelegate.m */ = {isa = PBXFileReference; lastKnownFileType = sourcecode.c.objc; path = AppDelegate.m; sourceTree = "<group>"; };
		8A9773071BD4ED1B00F84172 /* Base */ = {isa = PBXFileReference; lastKnownFileType = file.storyboard; name = Base; path = Base.lproj/Main.storyboard; sourceTree = "<group>"; };
		8A9773091BD4ED1B00F84172 /* Assets.xcassets */ = {isa = PBXFileReference; lastKnownFileType = folder.assetcatalog; path = Assets.xcassets; sourceTree = "<group>"; };
		8A97730C1BD4ED1B00F84172 /* Base */ = {isa = PBXFileReference; lastKnownFileType = file.storyboard; name = Base; path = Base.lproj/LaunchScreen.storyboard; sourceTree = "<group>"; };
		8A97730E1BD4ED1B00F84172 /* Info.plist */ = {isa = PBXFileReference; lastKnownFileType = text.plist.xml; path = Info.plist; sourceTree = "<group>"; };
		8A9773141BD4EF8C00F84172 /* ItemsViewController.h */ = {isa = PBXFileReference; fileEncoding = 4; lastKnownFileType = sourcecode.c.h; path = ItemsViewController.h; sourceTree = "<group>"; };
		8A9773151BD4EF8C00F84172 /* ItemsViewController.m */ = {isa = PBXFileReference; fileEncoding = 4; lastKnownFileType = sourcecode.c.objc; path = ItemsViewController.m; sourceTree = "<group>"; };
		8A9773171BD4F2C300F84172 /* BNRItem.h */ = {isa = PBXFileReference; fileEncoding = 4; lastKnownFileType = sourcecode.c.h; path = BNRItem.h; sourceTree = "<group>"; };
		8A9773181BD4F2C300F84172 /* BNRItem.m */ = {isa = PBXFileReference; fileEncoding = 4; lastKnownFileType = sourcecode.c.objc; path = BNRItem.m; sourceTree = "<group>"; };
		8A97731A1BD4F34100F84172 /* BNRItemStore.h */ = {isa = PBXFileReference; fileEncoding = 4; lastKnownFileType = sourcecode.c.h; path = BNRItemStore.h; sourceTree = "<group>"; };
		8A97731B1BD4F34100F84172 /* BNRItemStore.m */ = {isa = PBXFileReference; fileEncoding = 4; lastKnownFileType = sourcecode.c.objc; path = BNRItemStore.m; sourceTree = "<group>"; };
		8A97731D1BD5383F00F84172 /* HeaderView.xib */ = {isa = PBXFileReference; fileEncoding = 4; lastKnownFileType = file.xib; path = HeaderView.xib; sourceTree = "<group>"; };
		8A9773211BD61F9A00F84172 /* DetailViewController.h */ = {isa = PBXFileReference; fileEncoding = 4; lastKnownFileType = sourcecode.c.h; path = DetailViewController.h; sourceTree = "<group>"; };
		8A9773221BD61F9A00F84172 /* DetailViewController.m */ = {isa = PBXFileReference; fileEncoding = 4; lastKnownFileType = sourcecode.c.objc; path = DetailViewController.m; sourceTree = "<group>"; };
		8A9773241BD61FBF00F84172 /* DetailViewController.xib */ = {isa = PBXFileReference; fileEncoding = 4; lastKnownFileType = file.xib; path = DetailViewController.xib; sourceTree = "<group>"; };
/* End PBXFileReference section */

/* Begin PBXFrameworksBuildPhase section */
		8A9772F71BD4ED1B00F84172 /* Frameworks */ = {
			isa = PBXFrameworksBuildPhase;
			buildActionMask = 2147483647;
			files = (
			);
			runOnlyForDeploymentPostprocessing = 0;
		};
/* End PBXFrameworksBuildPhase section */

/* Begin PBXGroup section */
		8A9772F11BD4ED1B00F84172 = {
			isa = PBXGroup;
			children = (
				8A9772FC1BD4ED1B00F84172 /* Homepwner */,
				8A9772FB1BD4ED1B00F84172 /* Products */,
			);
			sourceTree = "<group>";
		};
		8A9772FB1BD4ED1B00F84172 /* Products */ = {
			isa = PBXGroup;
			children = (
				8A9772FA1BD4ED1B00F84172 /* Homepwner.app */,
			);
			name = Products;
			sourceTree = "<group>";
		};
		8A9772FC1BD4ED1B00F84172 /* Homepwner */ = {
			isa = PBXGroup;
			children = (
				8A9773201BD5DCAD00F84172 /* Details */,
				8A97731F1BD5DC9300F84172 /* Items */,
				8A9773001BD4ED1B00F84172 /* AppDelegate.h */,
				8A9773011BD4ED1B00F84172 /* AppDelegate.m */,
				8A9773061BD4ED1B00F84172 /* Main.storyboard */,
				8A9773091BD4ED1B00F84172 /* Assets.xcassets */,
				8A97730B1BD4ED1B00F84172 /* LaunchScreen.storyboard */,
				8A97730E1BD4ED1B00F84172 /* Info.plist */,
				8A9772FD1BD4ED1B00F84172 /* Supporting Files */,
			);
			path = Homepwner;
			sourceTree = "<group>";
		};
		8A9772FD1BD4ED1B00F84172 /* Supporting Files */ = {
			isa = PBXGroup;
			children = (
				8A9772FE1BD4ED1B00F84172 /* main.m */,
			);
			name = "Supporting Files";
			sourceTree = "<group>";
		};
		8A97731F1BD5DC9300F84172 /* Items */ = {
			isa = PBXGroup;
			children = (
				8A9773171BD4F2C300F84172 /* BNRItem.h */,
				8A9773181BD4F2C300F84172 /* BNRItem.m */,
				8A9773141BD4EF8C00F84172 /* ItemsViewController.h */,
				8A9773151BD4EF8C00F84172 /* ItemsViewController.m */,
				8A97731A1BD4F34100F84172 /* BNRItemStore.h */,
				8A97731B1BD4F34100F84172 /* BNRItemStore.m */,
				8A97731D1BD5383F00F84172 /* HeaderView.xib */,
			);
			name = Items;
			sourceTree = "<group>";
		};
		8A9773201BD5DCAD00F84172 /* Details */ = {
			isa = PBXGroup;
			children = (
				8A9773211BD61F9A00F84172 /* DetailViewController.h */,
				8A9773221BD61F9A00F84172 /* DetailViewController.m */,
				8A9773241BD61FBF00F84172 /* DetailViewController.xib */,
			);
			name = Details;
			sourceTree = "<group>";
		};
/* End PBXGroup section */

/* Begin PBXNativeTarget section */
		8A9772F91BD4ED1B00F84172 /* Homepwner */ = {
			isa = PBXNativeTarget;
			buildConfigurationList = 8A9773111BD4ED1B00F84172 /* Build configuration list for PBXNativeTarget "Homepwner" */;
			buildPhases = (
				8A9772F61BD4ED1B00F84172 /* Sources */,
				8A9772F71BD4ED1B00F84172 /* Frameworks */,
				8A9772F81BD4ED1B00F84172 /* Resources */,
			);
			buildRules = (
			);
			dependencies = (
			);
			name = Homepwner;
			productName = Homepwner;
			productReference = 8A9772FA1BD4ED1B00F84172 /* Homepwner.app */;
			productType = "com.apple.product-type.application";
		};
/* End PBXNativeTarget section */

/* Begin PBXProject section */
		8A9772F21BD4ED1B00F84172 /* Project object */ = {
			isa = PBXProject;
			attributes = {
				LastUpgradeCheck = 0700;
				ORGANIZATIONNAME = Zlien;
				TargetAttributes = {
					8A9772F91BD4ED1B00F84172 = {
						CreatedOnToolsVersion = 7.0.1;
						DevelopmentTeam = RLFEE7RBA7;
					};
				};
			};
			buildConfigurationList = 8A9772F51BD4ED1B00F84172 /* Build configuration list for PBXProject "Homepwner" */;
			compatibilityVersion = "Xcode 3.2";
			developmentRegion = English;
			hasScannedForEncodings = 0;
			knownRegions = (
				en,
				Base,
			);
			mainGroup = 8A9772F11BD4ED1B00F84172;
			productRefGroup = 8A9772FB1BD4ED1B00F84172 /* Products */;
			projectDirPath = "";
			projectRoot = "";
			targets = (
				8A9772F91BD4ED1B00F84172 /* Homepwner */,
			);
		};
/* End PBXProject section */

/* Begin PBXResourcesBuildPhase section */
		8A9772F81BD4ED1B00F84172 /* Resources */ = {
			isa = PBXResourcesBuildPhase;
			buildActionMask = 2147483647;
			files = (
				8A97730D1BD4ED1B00F84172 /* LaunchScreen.storyboard in Resources */,
				8A97730A1BD4ED1B00F84172 /* Assets.xcassets in Resources */,
				8A9773251BD61FBF00F84172 /* DetailViewController.xib in Resources */,
				8A9773081BD4ED1B00F84172 /* Main.storyboard in Resources */,
				8A97731E1BD5383F00F84172 /* HeaderView.xib in Resources */,
			);
			runOnlyForDeploymentPostprocessing = 0;
		};
/* End PBXResourcesBuildPhase section */

/* Begin PBXSourcesBuildPhase section */
		8A9772F61BD4ED1B00F84172 /* Sources */ = {
			isa = PBXSourcesBuildPhase;
			buildActionMask = 2147483647;
			files = (
				8A97731C1BD4F34100F84172 /* BNRItemStore.m in Sources */,
				8A9773021BD4ED1B00F84172 /* AppDelegate.m in Sources */,
				8A9773191BD4F2C300F84172 /* BNRItem.m in Sources */,
				8A9773161BD4EF8C00F84172 /* ItemsViewController.m in Sources */,
				8A9772FF1BD4ED1B00F84172 /* main.m in Sources */,
				8A9773231BD61F9A00F84172 /* DetailViewController.m in Sources */,
			);
			runOnlyForDeploymentPostprocessing = 0;
		};
/* End PBXSourcesBuildPhase section */

/* Begin PBXVariantGroup section */
		8A9773061BD4ED1B00F84172 /* Main.storyboard */ = {
			isa = PBXVariantGroup;
			children = (
				8A9773071BD4ED1B00F84172 /* Base */,
			);
			name = Main.storyboard;
			sourceTree = "<group>";
		};
		8A97730B1BD4ED1B00F84172 /* LaunchScreen.storyboard */ = {
			isa = PBXVariantGroup;
			children = (
				8A97730C1BD4ED1B00F84172 /* Base */,
			);
			name = LaunchScreen.storyboard;
			sourceTree = "<group>";
		};
/* End PBXVariantGroup section */

/* Begin XCBuildConfiguration section */
		8A97730F1BD4ED1B00F84172 /* Debug */ = {
			isa = XCBuildConfiguration;
			buildSettings = {
				ALWAYS_SEARCH_USER_PATHS = NO;
				CLANG_CXX_LANGUAGE_STANDARD = "gnu++0x";
				CLANG_CXX_LIBRARY = "libc++";
				CLANG_ENABLE_MODULES = YES;
				CLANG_ENABLE_OBJC_ARC = YES;
				CLANG_WARN_BOOL_CONVERSION = YES;
				CLANG_WARN_CONSTANT_CONVERSION = YES;
				CLANG_WARN_DIRECT_OBJC_ISA_USAGE = YES_ERROR;
				CLANG_WARN_EMPTY_BODY = YES;
				CLANG_WARN_ENUM_CONVERSION = YES;
				CLANG_WARN_INT_CONVERSION = YES;
				CLANG_WARN_OBJC_ROOT_CLASS = YES_ERROR;
				CLANG_WARN_UNREACHABLE_CODE = YES;
				CLANG_WARN__DUPLICATE_METHOD_MATCH = YES;
				"CODE_SIGN_IDENTITY[sdk=iphoneos*]" = "iPhone Developer";
				COPY_PHASE_STRIP = NO;
				DEBUG_INFORMATION_FORMAT = dwarf;
				ENABLE_STRICT_OBJC_MSGSEND = YES;
				ENABLE_TESTABILITY = YES;
				GCC_C_LANGUAGE_STANDARD = gnu99;
				GCC_DYNAMIC_NO_PIC = NO;
				GCC_NO_COMMON_BLOCKS = YES;
				GCC_OPTIMIZATION_LEVEL = 0;
				GCC_PREPROCESSOR_DEFINITIONS = (
					"DEBUG=1",
					"$(inherited)",
				);
				GCC_WARN_64_TO_32_BIT_CONVERSION = YES;
				GCC_WARN_ABOUT_RETURN_TYPE = YES_ERROR;
				GCC_WARN_UNDECLARED_SELECTOR = YES;
				GCC_WARN_UNINITIALIZED_AUTOS = YES_AGGRESSIVE;
				GCC_WARN_UNUSED_FUNCTION = YES;
				GCC_WARN_UNUSED_VARIABLE = YES;
				IPHONEOS_DEPLOYMENT_TARGET = 9.0;
				MTL_ENABLE_DEBUG_INFO = YES;
				ONLY_ACTIVE_ARCH = YES;
				SDKROOT = iphoneos;
			};
			name = Debug;
		};
		8A9773101BD4ED1B00F84172 /* Release */ = {
			isa = XCBuildConfiguration;
			buildSettings = {
				ALWAYS_SEARCH_USER_PATHS = NO;
				CLANG_CXX_LANGUAGE_STANDARD = "gnu++0x";
				CLANG_CXX_LIBRARY = "libc++";
				CLANG_ENABLE_MODULES = YES;
				CLANG_ENABLE_OBJC_ARC = YES;
				CLANG_WARN_BOOL_CONVERSION = YES;
				CLANG_WARN_CONSTANT_CONVERSION = YES;
				CLANG_WARN_DIRECT_OBJC_ISA_USAGE = YES_ERROR;
				CLANG_WARN_EMPTY_BODY = YES;
				CLANG_WARN_ENUM_CONVERSION = YES;
				CLANG_WARN_INT_CONVERSION = YES;
				CLANG_WARN_OBJC_ROOT_CLASS = YES_ERROR;
				CLANG_WARN_UNREACHABLE_CODE = YES;
				CLANG_WARN__DUPLICATE_METHOD_MATCH = YES;
				"CODE_SIGN_IDENTITY[sdk=iphoneos*]" = "iPhone Developer";
				COPY_PHASE_STRIP = NO;
				DEBUG_INFORMATION_FORMAT = "dwarf-with-dsym";
				ENABLE_NS_ASSERTIONS = NO;
				ENABLE_STRICT_OBJC_MSGSEND = YES;
				GCC_C_LANGUAGE_STANDARD = gnu99;
				GCC_NO_COMMON_BLOCKS = YES;
				GCC_WARN_64_TO_32_BIT_CONVERSION = YES;
				GCC_WARN_ABOUT_RETURN_TYPE = YES_ERROR;
				GCC_WARN_UNDECLARED_SELECTOR = YES;
				GCC_WARN_UNINITIALIZED_AUTOS = YES_AGGRESSIVE;
				GCC_WARN_UNUSED_FUNCTION = YES;
				GCC_WARN_UNUSED_VARIABLE = YES;
				IPHONEOS_DEPLOYMENT_TARGET = 9.0;
				MTL_ENABLE_DEBUG_INFO = NO;
				SDKROOT = iphoneos;
				VALIDATE_PRODUCT = YES;
			};
			name = Release;
		};
		8A9773121BD4ED1B00F84172 /* Debug */ = {
			isa = XCBuildConfiguration;
			buildSettings = {
				ASSETCATALOG_COMPILER_APPICON_NAME = AppIcon;
				INFOPLIST_FILE = Homepwner/Info.plist;
				LD_RUNPATH_SEARCH_PATHS = "$(inherited) @executable_path/Frameworks";
				PRODUCT_BUNDLE_IDENTIFIER = Zlien.Homepwner;
				PRODUCT_NAME = "$(TARGET_NAME)";
			};
			name = Debug;
		};
		8A9773131BD4ED1B00F84172 /* Release */ = {
			isa = XCBuildConfiguration;
			buildSettings = {
				ASSETCATALOG_COMPILER_APPICON_NAME = AppIcon;
				INFOPLIST_FILE = Homepwner/Info.plist;
				LD_RUNPATH_SEARCH_PATHS = "$(inherited) @executable_path/Frameworks";
				PRODUCT_BUNDLE_IDENTIFIER = Zlien.Homepwner;
				PRODUCT_NAME = "$(TARGET_NAME)";
			};
			name = Release;
		};
/* End XCBuildConfiguration section */

/* Begin XCConfigurationList section */
		8A9772F51BD4ED1B00F84172 /* Build configuration list for PBXProject "Homepwner" */ = {
			isa = XCConfigurationList;
			buildConfigurations = (
				8A97730F1BD4ED1B00F84172 /* Debug */,
				8A9773101BD4ED1B00F84172 /* Release */,
			);
			defaultConfigurationIsVisible = 0;
			defaultConfigurationName = Release;
		};
		8A9773111BD4ED1B00F84172 /* Build configuration list for PBXNativeTarget "Homepwner" */ = {
			isa = XCConfigurationList;
			buildConfigurations = (
				8A9773121BD4ED1B00F84172 /* Debug */,
				8A9773131BD4ED1B00F84172 /* Release */,
			);
			defaultConfigurationIsVisible = 0;
			defaultConfigurationName = Release;
		};
/* End XCConfigurationList section */
	};
	rootObject = 8A9772F21BD4ED1B00F84172 /* Project object */;
}
